<?xml version="1.0" encoding="utf-8"?>
<Project ToolsVersion="4.0" xmlns="http://schemas.microsoft.com/developer/msbuild/2003">
  <ItemGroup>
    <Filter Include="GridSearch">
      <UniqueIdentifier>{8177BDF5-6D2F-FF42-D636-D89EC20D9A33}</UniqueIdentifier>
    </Filter>
  </ItemGroup>
  <ItemGroup>
    <ClCompile Include="src\SandboxApp.cpp" />
  </ItemGroup>
  <ItemGroup>
    <ClInclude Include="src\SandboxApp.h" />
  </ItemGroup>
  <ItemGroup>
    <Image Include="assets\textures\checkerboard.png" />
    <Image Include="assets\textures\gatsby.png" />
    <Image Include="assets\textures\super.png" />
  </ItemGroup>
  <ItemGroup>
    <None Include="assets\shaders\ImageTexture.glsl" />
    <None Include="assets\shaders\TriangleShader.glsl" />
    <None Include="assets\shaders\SquareShader.glsl" />
  </ItemGroup>
</Project>